
Microsoft Visual Studio Solution File, Format Version 12.00
# Visual Studio 15
VisualStudioVersion = 15.0.26730.12
MinimumVisualStudioVersion = 10.0.40219.1
Project("{8BC9CEB8-8B4A-11D0-8D11-00A0C91BC942}") = "TemplateStack", "TemplateStack\TemplateStack.vcxproj", "{59C4C866-1C16-4CFB-9125-E0C822F2EFFF}"
EndProject
Global
	GlobalSection(SolutionConfigurationPlatforms) = preSolution
		Debug|x64 = Debug|x64
		Debug|x86 = Debug|x86
		Release|x64 = Release|x64
		Release|x86 = Release|x86
	EndGlobalSection
	GlobalSection(ProjectConfigurationPlatforms) = postSolution
		{59C4C866-1C16-4CFB-9125-E0C822F2EFFF}.Debug|x64.ActiveCfg = Debug|x64
		{59C4C866-1C16-4CFB-9125-E0C822F2EFFF}.Debug|x64.Build.0 = Debug|x64
		{59C4C866-1C16-4CFB-9125-E0C822F2EFFF}.Debug|x86.ActiveCfg = Debug|Win32
		{59C4C866-1C16-4CFB-9125-E0C822F2EFFF}.Debug|x86.Build.0 = Debug|Win32
		{59C4C866-1C16-4CFB-9125-E0C822F2EFFF}.Release|x64.ActiveCfg = Release|x64
		{59C4C866-1C16-4CFB-9125-E0C822F2EFFF}.Release|x64.Build.0 = Release|x64
		{59C4C866-1C16-4CFB-9125-E0C822F2EFFF}.Release|x86.ActiveCfg = Release|Win32
		{59C4C866-1C16-4CFB-9125-E0C822F2EFFF}.Release|x86.Build.0 = Release|Win32
	EndGlobalSection
	GlobalSection(SolutionProperties) = preSolution
		HideSolutionNode = FALSE
	EndGlobalSection
	GlobalSection(ExtensibilityGlobals) = postSolution
		SolutionGuid = {912C4027-4E8D-4926-8D61-522BA66C3D91}
	EndGlobalSection
EndGlobal
